
Microsoft Visual Studio Solution File, Format Version 12.00
# Visual Studio Version 17
VisualStudioVersion = 17.1.32421.90
MinimumVisualStudioVersion = 10.0.40219.1
Project("{FAE04EC0-301F-11D3-BF4B-00C04F79EFBC}") = "DotNetCorePortfolio", "DotNetCorePortfolio.csproj", "{1523CD3A-613C-4D1B-BFDB-CAE69BC7238C}"
EndProject
Global
	GlobalSection(SolutionConfigurationPlatforms) = preSolution
		Debug|Any CPU = Debug|Any CPU
		Release|Any CPU = Release|Any CPU
	EndGlobalSection
	GlobalSection(ProjectConfigurationPlatforms) = postSolution
		{1523CD3A-613C-4D1B-BFDB-CAE69BC7238C}.Debug|Any CPU.ActiveCfg = Debug|Any CPU
		{1523CD3A-613C-4D1B-BFDB-CAE69BC7238C}.Debug|Any CPU.Build.0 = Debug|Any CPU
		{1523CD3A-613C-4D1B-BFDB-CAE69BC7238C}.Release|Any CPU.ActiveCfg = Release|Any CPU
		{1523CD3A-613C-4D1B-BFDB-CAE69BC7238C}.Release|Any CPU.Build.0 = Release|Any CPU
	EndGlobalSection
	GlobalSection(SolutionProperties) = preSolution
		HideSolutionNode = FALSE
	EndGlobalSection
	GlobalSection(ExtensibilityGlobals) = postSolution
		SolutionGuid = {1D132B1F-83FB-4F15-B774-65BEEC041E4A}
	EndGlobalSection
EndGlobal
